
Microsoft Visual Studio Solution File, Format Version 12.00
# Visual Studio Version 16
VisualStudioVersion = 16.0.32106.194
MinimumVisualStudioVersion = 10.0.40219.1
Project("{FAE04EC0-301F-11D3-BF4B-00C04F79EFBC}") = "Dictionary", "Dictionary\Dictionary.csproj", "{EDBBA87A-25FC-4288-B73F-A55E91257D43}"
EndProject
Global
	GlobalSection(SolutionConfigurationPlatforms) = preSolution
		Debug|Any CPU = Debug|Any CPU
		Release|Any CPU = Release|Any CPU
	EndGlobalSection
	GlobalSection(ProjectConfigurationPlatforms) = postSolution
		{EDBBA87A-25FC-4288-B73F-A55E91257D43}.Debug|Any CPU.ActiveCfg = Debug|Any CPU
		{EDBBA87A-25FC-4288-B73F-A55E91257D43}.Debug|Any CPU.Build.0 = Debug|Any CPU
		{EDBBA87A-25FC-4288-B73F-A55E91257D43}.Release|Any CPU.ActiveCfg = Release|Any CPU
		{EDBBA87A-25FC-4288-B73F-A55E91257D43}.Release|Any CPU.Build.0 = Release|Any CPU
	EndGlobalSection
	GlobalSection(SolutionProperties) = preSolution
		HideSolutionNode = FALSE
	EndGlobalSection
	GlobalSection(ExtensibilityGlobals) = postSolution
		SolutionGuid = {91710924-C392-4CDB-9333-005B02D4779B}
	EndGlobalSection
EndGlobal
